// !$*UTF8*$!
{
	archiveVersion = 1;
	classes = {
	};
	objectVersion = 56;
	objects = {

/* Begin PBXBuildFile section */
		43968ED62BDBCEEE00160ADC /* PhotoManiaApp.swift in Sources */ = {isa = PBXBuildFile; fileRef = 43968ED52BDBCEEE00160ADC /* PhotoManiaApp.swift */; };
		43968ED82BDBCEEE00160ADC /* ContentView.swift in Sources */ = {isa = PBXBuildFile; fileRef = 43968ED72BDBCEEE00160ADC /* ContentView.swift */; };
		43968EDA2BDBCEF000160ADC /* Assets.xcassets in Resources */ = {isa = PBXBuildFile; fileRef = 43968ED92BDBCEF000160ADC /* Assets.xcassets */; };
		43968EDD2BDBCEF000160ADC /* Preview Assets.xcassets in Resources */ = {isa = PBXBuildFile; fileRef = 43968EDC2BDBCEF000160ADC /* Preview Assets.xcassets */; };
		43968EE72BDBCEF000160ADC /* PhotoManiaTests.swift in Sources */ = {isa = PBXBuildFile; fileRef = 43968EE62BDBCEF000160ADC /* PhotoManiaTests.swift */; };
		43968EF12BDBCEF000160ADC /* PhotoManiaUITests.swift in Sources */ = {isa = PBXBuildFile; fileRef = 43968EF02BDBCEF000160ADC /* PhotoManiaUITests.swift */; };
		43968EF32BDBCEF000160ADC /* PhotoManiaUITestsLaunchTests.swift in Sources */ = {isa = PBXBuildFile; fileRef = 43968EF22BDBCEF000160ADC /* PhotoManiaUITestsLaunchTests.swift */; };
/* End PBXBuildFile section */

/* Begin PBXContainerItemProxy section */
		43968EE32BDBCEF000160ADC /* PBXContainerItemProxy */ = {
			isa = PBXContainerItemProxy;
			containerPortal = 43968ECA2BDBCEEE00160ADC /* Project object */;
			proxyType = 1;
			remoteGlobalIDString = 43968ED12BDBCEEE00160ADC;
			remoteInfo = PhotoMania;
		};
		43968EED2BDBCEF000160ADC /* PBXContainerItemProxy */ = {
			isa = PBXContainerItemProxy;
			containerPortal = 43968ECA2BDBCEEE00160ADC /* Project object */;
			proxyType = 1;
			remoteGlobalIDString = 43968ED12BDBCEEE00160ADC;
			remoteInfo = PhotoMania;
		};
/* End PBXContainerItemProxy section */

/* Begin PBXFileReference section */
		43968ED22BDBCEEE00160ADC /* PhotoMania.app */ = {isa = PBXFileReference; explicitFileType = wrapper.application; includeInIndex = 0; path = PhotoMania.app; sourceTree = BUILT_PRODUCTS_DIR; };
		43968ED52BDBCEEE00160ADC /* PhotoManiaApp.swift */ = {isa = PBXFileReference; lastKnownFileType = sourcecode.swift; path = PhotoManiaApp.swift; sourceTree = "<group>"; };
		43968ED72BDBCEEE00160ADC /* ContentView.swift */ = {isa = PBXFileReference; lastKnownFileType = sourcecode.swift; path = ContentView.swift; sourceTree = "<group>"; };
		43968ED92BDBCEF000160ADC /* Assets.xcassets */ = {isa = PBXFileReference; lastKnownFileType = folder.assetcatalog; path = Assets.xcassets; sourceTree = "<group>"; };
		43968EDC2BDBCEF000160ADC /* Preview Assets.xcassets */ = {isa = PBXFileReference; lastKnownFileType = folder.assetcatalog; path = "Preview Assets.xcassets"; sourceTree = "<group>"; };
		43968EE22BDBCEF000160ADC /* PhotoManiaTests.xctest */ = {isa = PBXFileReference; explicitFileType = wrapper.cfbundle; includeInIndex = 0; path = PhotoManiaTests.xctest; sourceTree = BUILT_PRODUCTS_DIR; };
		43968EE62BDBCEF000160ADC /* PhotoManiaTests.swift */ = {isa = PBXFileReference; lastKnownFileType = sourcecode.swift; path = PhotoManiaTests.swift; sourceTree = "<group>"; };
		43968EEC2BDBCEF000160ADC /* PhotoManiaUITests.xctest */ = {isa = PBXFileReference; explicitFileType = wrapper.cfbundle; includeInIndex = 0; path = PhotoManiaUITests.xctest; sourceTree = BUILT_PRODUCTS_DIR; };
		43968EF02BDBCEF000160ADC /* PhotoManiaUITests.swift */ = {isa = PBXFileReference; lastKnownFileType = sourcecode.swift; path = PhotoManiaUITests.swift; sourceTree = "<group>"; };
		43968EF22BDBCEF000160ADC /* PhotoManiaUITestsLaunchTests.swift */ = {isa = PBXFileReference; lastKnownFileType = sourcecode.swift; path = PhotoManiaUITestsLaunchTests.swift; sourceTree = "<group>"; };
/* End PBXFileReference section */

/* Begin PBXFrameworksBuildPhase section */
		43968ECF2BDBCEEE00160ADC /* Frameworks */ = {
			isa = PBXFrameworksBuildPhase;
			buildActionMask = 2147483647;
			files = (
			);
			runOnlyForDeploymentPostprocessing = 0;
		};
		43968EDF2BDBCEF000160ADC /* Frameworks */ = {
			isa = PBXFrameworksBuildPhase;
			buildActionMask = 2147483647;
			files = (
			);
			runOnlyForDeploymentPostprocessing = 0;
		};
		43968EE92BDBCEF000160ADC /* Frameworks */ = {
			isa = PBXFrameworksBuildPhase;
			buildActionMask = 2147483647;
			files = (
			);
			runOnlyForDeploymentPostprocessing = 0;
		};
/* End PBXFrameworksBuildPhase section */

/* Begin PBXGroup section */
		43968EC92BDBCEEE00160ADC = {
			isa = PBXGroup;
			children = (
				43968ED42BDBCEEE00160ADC /* PhotoMania */,
				43968EE52BDBCEF000160ADC /* PhotoManiaTests */,
				43968EEF2BDBCEF000160ADC /* PhotoManiaUITests */,
				43968ED32BDBCEEE00160ADC /* Products */,
			);
			sourceTree = "<group>";
		};
		43968ED32BDBCEEE00160ADC /* Products */ = {
			isa = PBXGroup;
			children = (
				43968ED22BDBCEEE00160ADC /* PhotoMania.app */,
				43968EE22BDBCEF000160ADC /* PhotoManiaTests.xctest */,
				43968EEC2BDBCEF000160ADC /* PhotoManiaUITests.xctest */,
			);
			name = Products;
			sourceTree = "<group>";
		};
		43968ED42BDBCEEE00160ADC /* PhotoMania */ = {
			isa = PBXGroup;
			children = (
				43968ED52BDBCEEE00160ADC /* PhotoManiaApp.swift */,
				43968ED72BDBCEEE00160ADC /* ContentView.swift */,
				43968ED92BDBCEF000160ADC /* Assets.xcassets */,
				43968EDB2BDBCEF000160ADC /* Preview Content */,
			);
			path = PhotoMania;
			sourceTree = "<group>";
		};
		43968EDB2BDBCEF000160ADC /* Preview Content */ = {
			isa = PBXGroup;
			children = (
				43968EDC2BDBCEF000160ADC /* Preview Assets.xcassets */,
			);
			path = "Preview Content";
			sourceTree = "<group>";
		};
		43968EE52BDBCEF000160ADC /* PhotoManiaTests */ = {
			isa = PBXGroup;
			children = (
				43968EE62BDBCEF000160ADC /* PhotoManiaTests.swift */,
			);
			path = PhotoManiaTests;
			sourceTree = "<group>";
		};
		43968EEF2BDBCEF000160ADC /* PhotoManiaUITests */ = {
			isa = PBXGroup;
			children = (
				43968EF02BDBCEF000160ADC /* PhotoManiaUITests.swift */,
				43968EF22BDBCEF000160ADC /* PhotoManiaUITestsLaunchTests.swift */,
			);
			path = PhotoManiaUITests;
			sourceTree = "<group>";
		};
/* End PBXGroup section */

/* Begin PBXNativeTarget section */
		43968ED12BDBCEEE00160ADC /* PhotoMania */ = {
			isa = PBXNativeTarget;
			buildConfigurationList = 43968EF62BDBCEF000160ADC /* Build configuration list for PBXNativeTarget "PhotoMania" */;
			buildPhases = (
				43968ECE2BDBCEEE00160ADC /* Sources */,
				43968ECF2BDBCEEE00160ADC /* Frameworks */,
				43968ED02BDBCEEE00160ADC /* Resources */,
			);
			buildRules = (
			);
			dependencies = (
			);
			name = PhotoMania;
			productName = PhotoMania;
			productReference = 43968ED22BDBCEEE00160ADC /* PhotoMania.app */;
			productType = "com.apple.product-type.application";
		};
		43968EE12BDBCEF000160ADC /* PhotoManiaTests */ = {
			isa = PBXNativeTarget;
			buildConfigurationList = 43968EF92BDBCEF000160ADC /* Build configuration list for PBXNativeTarget "PhotoManiaTests" */;
			buildPhases = (
				43968EDE2BDBCEF000160ADC /* Sources */,
				43968EDF2BDBCEF000160ADC /* Frameworks */,
				43968EE02BDBCEF000160ADC /* Resources */,
			);
			buildRules = (
			);
			dependencies = (
				43968EE42BDBCEF000160ADC /* PBXTargetDependency */,
			);
			name = PhotoManiaTests;
			productName = PhotoManiaTests;
			productReference = 43968EE22BDBCEF000160ADC /* PhotoManiaTests.xctest */;
			productType = "com.apple.product-type.bundle.unit-test";
		};
		43968EEB2BDBCEF000160ADC /* PhotoManiaUITests */ = {
			isa = PBXNativeTarget;
			buildConfigurationList = 43968EFC2BDBCEF000160ADC /* Build configuration list for PBXNativeTarget "PhotoManiaUITests" */;
			buildPhases = (
				43968EE82BDBCEF000160ADC /* Sources */,
				43968EE92BDBCEF000160ADC /* Frameworks */,
				43968EEA2BDBCEF000160ADC /* Resources */,
			);
			buildRules = (
			);
			dependencies = (
				43968EEE2BDBCEF000160ADC /* PBXTargetDependency */,
			);
			name = PhotoManiaUITests;
			productName = PhotoManiaUITests;
			productReference = 43968EEC2BDBCEF000160ADC /* PhotoManiaUITests.xctest */;
			productType = "com.apple.product-type.bundle.ui-testing";
		};
/* End PBXNativeTarget section */

/* Begin PBXProject section */
		43968ECA2BDBCEEE00160ADC /* Project object */ = {
			isa = PBXProject;
			attributes = {
				BuildIndependentTargetsInParallel = 1;
				LastSwiftUpdateCheck = 1520;
				LastUpgradeCheck = 1520;
				TargetAttributes = {
					43968ED12BDBCEEE00160ADC = {
						CreatedOnToolsVersion = 15.2;
					};
					43968EE12BDBCEF000160ADC = {
						CreatedOnToolsVersion = 15.2;
						TestTargetID = 43968ED12BDBCEEE00160ADC;
					};
					43968EEB2BDBCEF000160ADC = {
						CreatedOnToolsVersion = 15.2;
						TestTargetID = 43968ED12BDBCEEE00160ADC;
					};
				};
			};
			buildConfigurationList = 43968ECD2BDBCEEE00160ADC /* Build configuration list for PBXProject "PhotoMania" */;
			compatibilityVersion = "Xcode 14.0";
			developmentRegion = en;
			hasScannedForEncodings = 0;
			knownRegions = (
				en,
				Base,
			);
			mainGroup = 43968EC92BDBCEEE00160ADC;
			productRefGroup = 43968ED32BDBCEEE00160ADC /* Products */;
			projectDirPath = "";
			projectRoot = "";
			targets = (
				43968ED12BDBCEEE00160ADC /* PhotoMania */,
				43968EE12BDBCEF000160ADC /* PhotoManiaTests */,
				43968EEB2BDBCEF000160ADC /* PhotoManiaUITests */,
			);
		};
/* End PBXProject section */

/* Begin PBXResourcesBuildPhase section */
		43968ED02BDBCEEE00160ADC /* Resources */ = {
			isa = PBXResourcesBuildPhase;
			buildActionMask = 2147483647;
			files = (
				43968EDD2BDBCEF000160ADC /* Preview Assets.xcassets in Resources */,
				43968EDA2BDBCEF000160ADC /* Assets.xcassets in Resources */,
			);
			runOnlyForDeploymentPostprocessing = 0;
		};
		43968EE02BDBCEF000160ADC /* Resources */ = {
			isa = PBXResourcesBuildPhase;
			buildActionMask = 2147483647;
			files = (
			);
			runOnlyForDeploymentPostprocessing = 0;
		};
		43968EEA2BDBCEF000160ADC /* Resources */ = {
			isa = PBXResourcesBuildPhase;
			buildActionMask = 2147483647;
			files = (
			);
			runOnlyForDeploymentPostprocessing = 0;
		};
/* End PBXResourcesBuildPhase section */

/* Begin PBXSourcesBuildPhase section */
		43968ECE2BDBCEEE00160ADC /* Sources */ = {
			isa = PBXSourcesBuildPhase;
			buildActionMask = 2147483647;
			files = (
				43968ED82BDBCEEE00160ADC /* ContentView.swift in Sources */,
				43968ED62BDBCEEE00160ADC /* PhotoManiaApp.swift in Sources */,
			);
			runOnlyForDeploymentPostprocessing = 0;
		};
		43968EDE2BDBCEF000160ADC /* Sources */ = {
			isa = PBXSourcesBuildPhase;
			buildActionMask = 2147483647;
			files = (
				43968EE72BDBCEF000160ADC /* PhotoManiaTests.swift in Sources */,
			);
			runOnlyForDeploymentPostprocessing = 0;
		};
		43968EE82BDBCEF000160ADC /* Sources */ = {
			isa = PBXSourcesBuildPhase;
			buildActionMask = 2147483647;
			files = (
				43968EF32BDBCEF000160ADC /* PhotoManiaUITestsLaunchTests.swift in Sources */,
				43968EF12BDBCEF000160ADC /* PhotoManiaUITests.swift in Sources */,
			);
			runOnlyForDeploymentPostprocessing = 0;
		};
/* End PBXSourcesBuildPhase section */

/* Begin PBXTargetDependency section */
		43968EE42BDBCEF000160ADC /* PBXTargetDependency */ = {
			isa = PBXTargetDependency;
			target = 43968ED12BDBCEEE00160ADC /* PhotoMania */;
			targetProxy = 43968EE32BDBCEF000160ADC /* PBXContainerItemProxy */;
		};
		43968EEE2BDBCEF000160ADC /* PBXTargetDependency */ = {
			isa = PBXTargetDependency;
			target = 43968ED12BDBCEEE00160ADC /* PhotoMania */;
			targetProxy = 43968EED2BDBCEF000160ADC /* PBXContainerItemProxy */;
		};
/* End PBXTargetDependency section */

/* Begin XCBuildConfiguration section */
		43968EF42BDBCEF000160ADC /* Debug */ = {
			isa = XCBuildConfiguration;
			buildSettings = {
				ALWAYS_SEARCH_USER_PATHS = NO;
				ASSETCATALOG_COMPILER_GENERATE_SWIFT_ASSET_SYMBOL_EXTENSIONS = YES;
				CLANG_ANALYZER_NONNULL = YES;
				CLANG_ANALYZER_NUMBER_OBJECT_CONVERSION = YES_AGGRESSIVE;
				CLANG_CXX_LANGUAGE_STANDARD = "gnu++20";
				CLANG_ENABLE_MODULES = YES;
				CLANG_ENABLE_OBJC_ARC = YES;
				CLANG_ENABLE_OBJC_WEAK = YES;
				CLANG_WARN_BLOCK_CAPTURE_AUTORELEASING = YES;
				CLANG_WARN_BOOL_CONVERSION = YES;
				CLANG_WARN_COMMA = YES;
				CLANG_WARN_CONSTANT_CONVERSION = YES;
				CLANG_WARN_DEPRECATED_OBJC_IMPLEMENTATIONS = YES;
				CLANG_WARN_DIRECT_OBJC_ISA_USAGE = YES_ERROR;
				CLANG_WARN_DOCUMENTATION_COMMENTS = YES;
				CLANG_WARN_EMPTY_BODY = YES;
				CLANG_WARN_ENUM_CONVERSION = YES;
				CLANG_WARN_INFINITE_RECURSION = YES;
				CLANG_WARN_INT_CONVERSION = YES;
				CLANG_WARN_NON_LITERAL_NULL_CONVERSION = YES;
				CLANG_WARN_OBJC_IMPLICIT_RETAIN_SELF = YES;
				CLANG_WARN_OBJC_LITERAL_CONVERSION = YES;
				CLANG_WARN_OBJC_ROOT_CLASS = YES_ERROR;
				CLANG_WARN_QUOTED_INCLUDE_IN_FRAMEWORK_HEADER = YES;
				CLANG_WARN_RANGE_LOOP_ANALYSIS = YES;
				CLANG_WARN_STRICT_PROTOTYPES = YES;
				CLANG_WARN_SUSPICIOUS_MOVE = YES;
				CLANG_WARN_UNGUARDED_AVAILABILITY = YES_AGGRESSIVE;
				CLANG_WARN_UNREACHABLE_CODE = YES;
				CLANG_WARN__DUPLICATE_METHOD_MATCH = YES;
				COPY_PHASE_STRIP = NO;
				DEBUG_INFORMATION_FORMAT = dwarf;
				ENABLE_STRICT_OBJC_MSGSEND = YES;
				ENABLE_TESTABILITY = YES;
				ENABLE_USER_SCRIPT_SANDBOXING = YES;
				GCC_C_LANGUAGE_STANDARD = gnu17;
				GCC_DYNAMIC_NO_PIC = NO;
				GCC_NO_COMMON_BLOCKS = YES;
				GCC_OPTIMIZATION_LEVEL = 0;
				GCC_PREPROCESSOR_DEFINITIONS = (
					"DEBUG=1",
					"$(inherited)",
				);
				GCC_WARN_64_TO_32_BIT_CONVERSION = YES;
				GCC_WARN_ABOUT_RETURN_TYPE = YES_ERROR;
				GCC_WARN_UNDECLARED_SELECTOR = YES;
				GCC_WARN_UNINITIALIZED_AUTOS = YES_AGGRESSIVE;
				GCC_WARN_UNUSED_FUNCTION = YES;
				GCC_WARN_UNUSED_VARIABLE = YES;
				IPHONEOS_DEPLOYMENT_TARGET = 17.2;
				LOCALIZATION_PREFERS_STRING_CATALOGS = YES;
				MTL_ENABLE_DEBUG_INFO = INCLUDE_SOURCE;
				MTL_FAST_MATH = YES;
				ONLY_ACTIVE_ARCH = YES;
				SDKROOT = iphoneos;
				SWIFT_ACTIVE_COMPILATION_CONDITIONS = "DEBUG $(inherited)";
				SWIFT_OPTIMIZATION_LEVEL = "-Onone";
			};
			name = Debug;
		};
		43968EF52BDBCEF000160ADC /* Release */ = {
			isa = XCBuildConfiguration;
			buildSettings = {
				ALWAYS_SEARCH_USER_PATHS = NO;
				ASSETCATALOG_COMPILER_GENERATE_SWIFT_ASSET_SYMBOL_EXTENSIONS = YES;
				CLANG_ANALYZER_NONNULL = YES;
				CLANG_ANALYZER_NUMBER_OBJECT_CONVERSION = YES_AGGRESSIVE;
				CLANG_CXX_LANGUAGE_STANDARD = "gnu++20";
				CLANG_ENABLE_MODULES = YES;
				CLANG_ENABLE_OBJC_ARC = YES;
				CLANG_ENABLE_OBJC_WEAK = YES;
				CLANG_WARN_BLOCK_CAPTURE_AUTORELEASING = YES;
				CLANG_WARN_BOOL_CONVERSION = YES;
				CLANG_WARN_COMMA = YES;
				CLANG_WARN_CONSTANT_CONVERSION = YES;
				CLANG_WARN_DEPRECATED_OBJC_IMPLEMENTATIONS = YES;
				CLANG_WARN_DIRECT_OBJC_ISA_USAGE = YES_ERROR;
				CLANG_WARN_DOCUMENTATION_COMMENTS = YES;
				CLANG_WARN_EMPTY_BODY = YES;
				CLANG_WARN_ENUM_CONVERSION = YES;
				CLANG_WARN_INFINITE_RECURSION = YES;
				CLANG_WARN_INT_CONVERSION = YES;
				CLANG_WARN_NON_LITERAL_NULL_CONVERSION = YES;
				CLANG_WARN_OBJC_IMPLICIT_RETAIN_SELF = YES;
				CLANG_WARN_OBJC_LITERAL_CONVERSION = YES;
				CLANG_WARN_OBJC_ROOT_CLASS = YES_ERROR;
				CLANG_WARN_QUOTED_INCLUDE_IN_FRAMEWORK_HEADER = YES;
				CLANG_WARN_RANGE_LOOP_ANALYSIS = YES;
				CLANG_WARN_STRICT_PROTOTYPES = YES;
				CLANG_WARN_SUSPICIOUS_MOVE = YES;
				CLANG_WARN_UNGUARDED_AVAILABILITY = YES_AGGRESSIVE;
				CLANG_WARN_UNREACHABLE_CODE = YES;
				CLANG_WARN__DUPLICATE_METHOD_MATCH = YES;
				COPY_PHASE_STRIP = NO;
				DEBUG_INFORMATION_FORMAT = "dwarf-with-dsym";
				ENABLE_NS_ASSERTIONS = NO;
				ENABLE_STRICT_OBJC_MSGSEND = YES;
				ENABLE_USER_SCRIPT_SANDBOXING = YES;
				GCC_C_LANGUAGE_STANDARD = gnu17;
				GCC_NO_COMMON_BLOCKS = YES;
				GCC_WARN_64_TO_32_BIT_CONVERSION = YES;
				GCC_WARN_ABOUT_RETURN_TYPE = YES_ERROR;
				GCC_WARN_UNDECLARED_SELECTOR = YES;
				GCC_WARN_UNINITIALIZED_AUTOS = YES_AGGRESSIVE;
				GCC_WARN_UNUSED_FUNCTION = YES;
				GCC_WARN_UNUSED_VARIABLE = YES;
				IPHONEOS_DEPLOYMENT_TARGET = 17.2;
				LOCALIZATION_PREFERS_STRING_CATALOGS = YES;
				MTL_ENABLE_DEBUG_INFO = NO;
				MTL_FAST_MATH = YES;
				SDKROOT = iphoneos;
				SWIFT_COMPILATION_MODE = wholemodule;
				VALIDATE_PRODUCT = YES;
			};
			name = Release;
		};
		43968EF72BDBCEF000160ADC /* Debug */ = {
			isa = XCBuildConfiguration;
			buildSettings = {
				ASSETCATALOG_COMPILER_APPICON_NAME = AppIcon;
				ASSETCATALOG_COMPILER_GLOBAL_ACCENT_COLOR_NAME = AccentColor;
				CODE_SIGN_STYLE = Automatic;
				CURRENT_PROJECT_VERSION = 1;
				DEVELOPMENT_ASSET_PATHS = "\"PhotoMania/Preview Content\"";
				DEVELOPMENT_TEAM = 74RH577R3N;
				ENABLE_PREVIEWS = YES;
				GENERATE_INFOPLIST_FILE = YES;
				INFOPLIST_KEY_UIApplicationSceneManifest_Generation = YES;
				INFOPLIST_KEY_UIApplicationSupportsIndirectInputEvents = YES;
				INFOPLIST_KEY_UILaunchScreen_Generation = YES;
				INFOPLIST_KEY_UISupportedInterfaceOrientations_iPad = "UIInterfaceOrientationPortrait UIInterfaceOrientationPortraitUpsideDown UIInterfaceOrientationLandscapeLeft UIInterfaceOrientationLandscapeRight";
				INFOPLIST_KEY_UISupportedInterfaceOrientations_iPhone = "UIInterfaceOrientationPortrait UIInterfaceOrientationLandscapeLeft UIInterfaceOrientationLandscapeRight";
				LD_RUNPATH_SEARCH_PATHS = (
					"$(inherited)",
					"@executable_path/Frameworks",
				);
				MARKETING_VERSION = 1.0;
				PRODUCT_BUNDLE_IDENTIFIER = DS.PhotoMania;
				PRODUCT_NAME = "$(TARGET_NAME)";
				SWIFT_EMIT_LOC_STRINGS = YES;
				SWIFT_VERSION = 5.0;
				TARGETED_DEVICE_FAMILY = "1,2";
			};
			name = Debug;
		};
		43968EF82BDBCEF000160ADC /* Release */ = {
			isa = XCBuildConfiguration;
			buildSettings = {
				ASSETCATALOG_COMPILER_APPICON_NAME = AppIcon;
				ASSETCATALOG_COMPILER_GLOBAL_ACCENT_COLOR_NAME = AccentColor;
				CODE_SIGN_STYLE = Automatic;
				CURRENT_PROJECT_VERSION = 1;
				DEVELOPMENT_ASSET_PATHS = "\"PhotoMania/Preview Content\"";
				DEVELOPMENT_TEAM = 74RH577R3N;
				ENABLE_PREVIEWS = YES;
				GENERATE_INFOPLIST_FILE = YES;
				INFOPLIST_KEY_UIApplicationSceneManifest_Generation = YES;
				INFOPLIST_KEY_UIApplicationSupportsIndirectInputEvents = YES;
				INFOPLIST_KEY_UILaunchScreen_Generation = YES;
				INFOPLIST_KEY_UISupportedInterfaceOrientations_iPad = "UIInterfaceOrientationPortrait UIInterfaceOrientationPortraitUpsideDown UIInterfaceOrientationLandscapeLeft UIInterfaceOrientationLandscapeRight";
				INFOPLIST_KEY_UISupportedInterfaceOrientations_iPhone = "UIInterfaceOrientationPortrait UIInterfaceOrientationLandscapeLeft UIInterfaceOrientationLandscapeRight";
				LD_RUNPATH_SEARCH_PATHS = (
					"$(inherited)",
					"@executable_path/Frameworks",
				);
				MARKETING_VERSION = 1.0;
				PRODUCT_BUNDLE_IDENTIFIER = DS.PhotoMania;
				PRODUCT_NAME = "$(TARGET_NAME)";
				SWIFT_EMIT_LOC_STRINGS = YES;
				SWIFT_VERSION = 5.0;
				TARGETED_DEVICE_FAMILY = "1,2";
			};
			name = Release;
		};
		43968EFA2BDBCEF000160ADC /* Debug */ = {
			isa = XCBuildConfiguration;
			buildSettings = {
				ALWAYS_EMBED_SWIFT_STANDARD_LIBRARIES = YES;
				BUNDLE_LOADER = "$(TEST_HOST)";
				CODE_SIGN_STYLE = Automatic;
				CURRENT_PROJECT_VERSION = 1;
				DEVELOPMENT_TEAM = 74RH577R3N;
				GENERATE_INFOPLIST_FILE = YES;
				IPHONEOS_DEPLOYMENT_TARGET = 17.2;
				MARKETING_VERSION = 1.0;
				PRODUCT_BUNDLE_IDENTIFIER = DS.PhotoManiaTests;
				PRODUCT_NAME = "$(TARGET_NAME)";
				SWIFT_EMIT_LOC_STRINGS = NO;
				SWIFT_VERSION = 5.0;
				TARGETED_DEVICE_FAMILY = "1,2";
				TEST_HOST = "$(BUILT_PRODUCTS_DIR)/PhotoMania.app/$(BUNDLE_EXECUTABLE_FOLDER_PATH)/PhotoMania";
			};
			name = Debug;
		};
		43968EFB2BDBCEF000160ADC /* Release */ = {
			isa = XCBuildConfiguration;
			buildSettings = {
				ALWAYS_EMBED_SWIFT_STANDARD_LIBRARIES = YES;
				BUNDLE_LOADER = "$(TEST_HOST)";
				CODE_SIGN_STYLE = Automatic;
				CURRENT_PROJECT_VERSION = 1;
				DEVELOPMENT_TEAM = 74RH577R3N;
				GENERATE_INFOPLIST_FILE = YES;
				IPHONEOS_DEPLOYMENT_TARGET = 17.2;
				MARKETING_VERSION = 1.0;
				PRODUCT_BUNDLE_IDENTIFIER = DS.PhotoManiaTests;
				PRODUCT_NAME = "$(TARGET_NAME)";
				SWIFT_EMIT_LOC_STRINGS = NO;
				SWIFT_VERSION = 5.0;
				TARGETED_DEVICE_FAMILY = "1,2";
				TEST_HOST = "$(BUILT_PRODUCTS_DIR)/PhotoMania.app/$(BUNDLE_EXECUTABLE_FOLDER_PATH)/PhotoMania";
			};
			name = Release;
		};
		43968EFD2BDBCEF000160ADC /* Debug */ = {
			isa = XCBuildConfiguration;
			buildSettings = {
				ALWAYS_EMBED_SWIFT_STANDARD_LIBRARIES = YES;
				CODE_SIGN_STYLE = Automatic;
				CURRENT_PROJECT_VERSION = 1;
				DEVELOPMENT_TEAM = 74RH577R3N;
				GENERATE_INFOPLIST_FILE = YES;
				MARKETING_VERSION = 1.0;
				PRODUCT_BUNDLE_IDENTIFIER = DS.PhotoManiaUITests;
				PRODUCT_NAME = "$(TARGET_NAME)";
				SWIFT_EMIT_LOC_STRINGS = NO;
				SWIFT_VERSION = 5.0;
				TARGETED_DEVICE_FAMILY = "1,2";
				TEST_TARGET_NAME = PhotoMania;
			};
			name = Debug;
		};
		43968EFE2BDBCEF000160ADC /* Release */ = {
			isa = XCBuildConfiguration;
			buildSettings = {
				ALWAYS_EMBED_SWIFT_STANDARD_LIBRARIES = YES;
				CODE_SIGN_STYLE = Automatic;
				CURRENT_PROJECT_VERSION = 1;
				DEVELOPMENT_TEAM = 74RH577R3N;
				GENERATE_INFOPLIST_FILE = YES;
				MARKETING_VERSION = 1.0;
				PRODUCT_BUNDLE_IDENTIFIER = DS.PhotoManiaUITests;
				PRODUCT_NAME = "$(TARGET_NAME)";
				SWIFT_EMIT_LOC_STRINGS = NO;
				SWIFT_VERSION = 5.0;
				TARGETED_DEVICE_FAMILY = "1,2";
				TEST_TARGET_NAME = PhotoMania;
			};
			name = Release;
		};
/* End XCBuildConfiguration section */

/* Begin XCConfigurationList section */
		43968ECD2BDBCEEE00160ADC /* Build configuration list for PBXProject "PhotoMania" */ = {
			isa = XCConfigurationList;
			buildConfigurations = (
				43968EF42BDBCEF000160ADC /* Debug */,
				43968EF52BDBCEF000160ADC /* Release */,
			);
			defaultConfigurationIsVisible = 0;
			defaultConfigurationName = Release;
		};
		43968EF62BDBCEF000160ADC /* Build configuration list for PBXNativeTarget "PhotoMania" */ = {
			isa = XCConfigurationList;
			buildConfigurations = (
				43968EF72BDBCEF000160ADC /* Debug */,
				43968EF82BDBCEF000160ADC /* Release */,
			);
			defaultConfigurationIsVisible = 0;
			defaultConfigurationName = Release;
		};
		43968EF92BDBCEF000160ADC /* Build configuration list for PBXNativeTarget "PhotoManiaTests" */ = {
			isa = XCConfigurationList;
			buildConfigurations = (
				43968EFA2BDBCEF000160ADC /* Debug */,
				43968EFB2BDBCEF000160ADC /* Release */,
			);
			defaultConfigurationIsVisible = 0;
			defaultConfigurationName = Release;
		};
		43968EFC2BDBCEF000160ADC /* Build configuration list for PBXNativeTarget "PhotoManiaUITests" */ = {
			isa = XCConfigurationList;
			buildConfigurations = (
				43968EFD2BDBCEF000160ADC /* Debug */,
				43968EFE2BDBCEF000160ADC /* Release */,
			);
			defaultConfigurationIsVisible = 0;
			defaultConfigurationName = Release;
		};
/* End XCConfigurationList section */
	};
	rootObject = 43968ECA2BDBCEEE00160ADC /* Project object */;
}
